// !$*UTF8*$!
{
	archiveVersion = 1;
	classes = {
	};
	objectVersion = 56;
	objects = {

/* Begin PBXBuildFile section */
		7116D64F2D0AB9FA00295A2A /* RecipeApp.swift in Sources */ = {isa = PBXBuildFile; fileRef = 7116D64E2D0AB9FA00295A2A /* RecipeApp.swift */; };
		7116D6512D0AB9FA00295A2A /* ContentView.swift in Sources */ = {isa = PBXBuildFile; fileRef = 7116D6502D0AB9FA00295A2A /* ContentView.swift */; };
		7116D6532D0AB9FC00295A2A /* Assets.xcassets in Resources */ = {isa = PBXBuildFile; fileRef = 7116D6522D0AB9FC00295A2A /* Assets.xcassets */; };
		7116D6562D0AB9FC00295A2A /* Preview Assets.xcassets in Resources */ = {isa = PBXBuildFile; fileRef = 7116D6552D0AB9FC00295A2A /* Preview Assets.xcassets */; };
		7116D6602D0AB9FD00295A2A /* RecipeAppTests.swift in Sources */ = {isa = PBXBuildFile; fileRef = 7116D65F2D0AB9FD00295A2A /* RecipeAppTests.swift */; };
		7116D66A2D0AB9FD00295A2A /* RecipeAppUITests.swift in Sources */ = {isa = PBXBuildFile; fileRef = 7116D6692D0AB9FD00295A2A /* RecipeAppUITests.swift */; };
		7116D66C2D0AB9FD00295A2A /* RecipeAppUITestsLaunchTests.swift in Sources */ = {isa = PBXBuildFile; fileRef = 7116D66B2D0AB9FD00295A2A /* RecipeAppUITestsLaunchTests.swift */; };
		7116D67C2D0ABA4700295A2A /* Recipe.swift in Sources */ = {isa = PBXBuildFile; fileRef = 7116D67B2D0ABA4700295A2A /* Recipe.swift */; };
		7116D67E2D0ABB2000295A2A /* EndpointService.swift in Sources */ = {isa = PBXBuildFile; fileRef = 7116D67D2D0ABB2000295A2A /* EndpointService.swift */; };
		7116D6812D0ABD4400295A2A /* SettingsView.swift in Sources */ = {isa = PBXBuildFile; fileRef = 7116D6802D0ABD4400295A2A /* SettingsView.swift */; };
		7116D6832D0ABF7500295A2A /* RecipeEndpointResponse.swift in Sources */ = {isa = PBXBuildFile; fileRef = 7116D6822D0ABF7500295A2A /* RecipeEndpointResponse.swift */; };
		7116D6862D0AC2C600295A2A /* RecipeServiceViewModel.swift in Sources */ = {isa = PBXBuildFile; fileRef = 7116D6852D0AC2C600295A2A /* RecipeServiceViewModel.swift */; };
		7116D6882D0AC9B700295A2A /* EndpointService+DataSource.swift in Sources */ = {isa = PBXBuildFile; fileRef = 7116D6872D0AC9B700295A2A /* EndpointService+DataSource.swift */; };
		7116D68A2D0B5B9B00295A2A /* RecipeFeedPage.swift in Sources */ = {isa = PBXBuildFile; fileRef = 7116D6892D0B5B9B00295A2A /* RecipeFeedPage.swift */; };
		7116D68D2D0B5C3900295A2A /* RecipeCell.swift in Sources */ = {isa = PBXBuildFile; fileRef = 7116D68C2D0B5C3900295A2A /* RecipeCell.swift */; };
		7116D68F2D0B937E00295A2A /* Extensions.swift in Sources */ = {isa = PBXBuildFile; fileRef = 7116D68E2D0B937E00295A2A /* Extensions.swift */; };
		7116D6932D0BD60E00295A2A /* RecipeView.swift in Sources */ = {isa = PBXBuildFile; fileRef = 7116D6922D0BD60E00295A2A /* RecipeView.swift */; };
/* End PBXBuildFile section */

/* Begin PBXContainerItemProxy section */
		7116D65C2D0AB9FD00295A2A /* PBXContainerItemProxy */ = {
			isa = PBXContainerItemProxy;
			containerPortal = 7116D6432D0AB9FA00295A2A /* Project object */;
			proxyType = 1;
			remoteGlobalIDString = 7116D64A2D0AB9FA00295A2A;
			remoteInfo = RecipeApp;
		};
		7116D6662D0AB9FD00295A2A /* PBXContainerItemProxy */ = {
			isa = PBXContainerItemProxy;
			containerPortal = 7116D6432D0AB9FA00295A2A /* Project object */;
			proxyType = 1;
			remoteGlobalIDString = 7116D64A2D0AB9FA00295A2A;
			remoteInfo = RecipeApp;
		};
/* End PBXContainerItemProxy section */

/* Begin PBXFileReference section */
		7116D64B2D0AB9FA00295A2A /* RecipeApp.app */ = {isa = PBXFileReference; explicitFileType = wrapper.application; includeInIndex = 0; path = RecipeApp.app; sourceTree = BUILT_PRODUCTS_DIR; };
		7116D64E2D0AB9FA00295A2A /* RecipeApp.swift */ = {isa = PBXFileReference; lastKnownFileType = sourcecode.swift; path = RecipeApp.swift; sourceTree = "<group>"; };
		7116D6502D0AB9FA00295A2A /* ContentView.swift */ = {isa = PBXFileReference; lastKnownFileType = sourcecode.swift; path = ContentView.swift; sourceTree = "<group>"; };
		7116D6522D0AB9FC00295A2A /* Assets.xcassets */ = {isa = PBXFileReference; lastKnownFileType = folder.assetcatalog; path = Assets.xcassets; sourceTree = "<group>"; };
		7116D6552D0AB9FC00295A2A /* Preview Assets.xcassets */ = {isa = PBXFileReference; lastKnownFileType = folder.assetcatalog; path = "Preview Assets.xcassets"; sourceTree = "<group>"; };
		7116D65B2D0AB9FD00295A2A /* RecipeAppTests.xctest */ = {isa = PBXFileReference; explicitFileType = wrapper.cfbundle; includeInIndex = 0; path = RecipeAppTests.xctest; sourceTree = BUILT_PRODUCTS_DIR; };
		7116D65F2D0AB9FD00295A2A /* RecipeAppTests.swift */ = {isa = PBXFileReference; lastKnownFileType = sourcecode.swift; path = RecipeAppTests.swift; sourceTree = "<group>"; };
		7116D6652D0AB9FD00295A2A /* RecipeAppUITests.xctest */ = {isa = PBXFileReference; explicitFileType = wrapper.cfbundle; includeInIndex = 0; path = RecipeAppUITests.xctest; sourceTree = BUILT_PRODUCTS_DIR; };
		7116D6692D0AB9FD00295A2A /* RecipeAppUITests.swift */ = {isa = PBXFileReference; lastKnownFileType = sourcecode.swift; path = RecipeAppUITests.swift; sourceTree = "<group>"; };
		7116D66B2D0AB9FD00295A2A /* RecipeAppUITestsLaunchTests.swift */ = {isa = PBXFileReference; lastKnownFileType = sourcecode.swift; path = RecipeAppUITestsLaunchTests.swift; sourceTree = "<group>"; };
		7116D67B2D0ABA4700295A2A /* Recipe.swift */ = {isa = PBXFileReference; lastKnownFileType = sourcecode.swift; path = Recipe.swift; sourceTree = "<group>"; };
		7116D67D2D0ABB2000295A2A /* EndpointService.swift */ = {isa = PBXFileReference; lastKnownFileType = sourcecode.swift; path = EndpointService.swift; sourceTree = "<group>"; };
		7116D6802D0ABD4400295A2A /* SettingsView.swift */ = {isa = PBXFileReference; lastKnownFileType = sourcecode.swift; path = SettingsView.swift; sourceTree = "<group>"; };
		7116D6822D0ABF7500295A2A /* RecipeEndpointResponse.swift */ = {isa = PBXFileReference; lastKnownFileType = sourcecode.swift; path = RecipeEndpointResponse.swift; sourceTree = "<group>"; };
		7116D6852D0AC2C600295A2A /* RecipeServiceViewModel.swift */ = {isa = PBXFileReference; lastKnownFileType = sourcecode.swift; path = RecipeServiceViewModel.swift; sourceTree = "<group>"; };
		7116D6872D0AC9B700295A2A /* EndpointService+DataSource.swift */ = {isa = PBXFileReference; lastKnownFileType = sourcecode.swift; path = "EndpointService+DataSource.swift"; sourceTree = "<group>"; };
		7116D6892D0B5B9B00295A2A /* RecipeFeedPage.swift */ = {isa = PBXFileReference; lastKnownFileType = sourcecode.swift; path = RecipeFeedPage.swift; sourceTree = "<group>"; };
		7116D68C2D0B5C3900295A2A /* RecipeCell.swift */ = {isa = PBXFileReference; lastKnownFileType = sourcecode.swift; path = RecipeCell.swift; sourceTree = "<group>"; };
		7116D68E2D0B937E00295A2A /* Extensions.swift */ = {isa = PBXFileReference; lastKnownFileType = sourcecode.swift; path = Extensions.swift; sourceTree = "<group>"; };
		7116D6922D0BD60E00295A2A /* RecipeView.swift */ = {isa = PBXFileReference; lastKnownFileType = sourcecode.swift; path = RecipeView.swift; sourceTree = "<group>"; };
/* End PBXFileReference section */

/* Begin PBXFrameworksBuildPhase section */
		7116D6482D0AB9FA00295A2A /* Frameworks */ = {
			isa = PBXFrameworksBuildPhase;
			buildActionMask = 2147483647;
			files = (
			);
			runOnlyForDeploymentPostprocessing = 0;
		};
		7116D6582D0AB9FD00295A2A /* Frameworks */ = {
			isa = PBXFrameworksBuildPhase;
			buildActionMask = 2147483647;
			files = (
			);
			runOnlyForDeploymentPostprocessing = 0;
		};
		7116D6622D0AB9FD00295A2A /* Frameworks */ = {
			isa = PBXFrameworksBuildPhase;
			buildActionMask = 2147483647;
			files = (
			);
			runOnlyForDeploymentPostprocessing = 0;
		};
/* End PBXFrameworksBuildPhase section */

/* Begin PBXGroup section */
		7116D6422D0AB9FA00295A2A = {
			isa = PBXGroup;
			children = (
				7116D64D2D0AB9FA00295A2A /* RecipeApp */,
				7116D65E2D0AB9FD00295A2A /* RecipeAppTests */,
				7116D6682D0AB9FD00295A2A /* RecipeAppUITests */,
				7116D64C2D0AB9FA00295A2A /* Products */,
			);
			sourceTree = "<group>";
		};
		7116D64C2D0AB9FA00295A2A /* Products */ = {
			isa = PBXGroup;
			children = (
				7116D64B2D0AB9FA00295A2A /* RecipeApp.app */,
				7116D65B2D0AB9FD00295A2A /* RecipeAppTests.xctest */,
				7116D6652D0AB9FD00295A2A /* RecipeAppUITests.xctest */,
			);
			name = Products;
			sourceTree = "<group>";
		};
		7116D64D2D0AB9FA00295A2A /* RecipeApp */ = {
			isa = PBXGroup;
			children = (
				7116D68B2D0B5C1000295A2A /* Views */,
				7116D6842D0AC2B600295A2A /* ViewModel */,
				7116D6792D0ABA1E00295A2A /* Services */,
				7116D6782D0ABA1100295A2A /* Model */,
				7116D64E2D0AB9FA00295A2A /* RecipeApp.swift */,
				7116D6522D0AB9FC00295A2A /* Assets.xcassets */,
				7116D6542D0AB9FC00295A2A /* Preview Content */,
				7116D68E2D0B937E00295A2A /* Extensions.swift */,
			);
			path = RecipeApp;
			sourceTree = "<group>";
		};
		7116D6542D0AB9FC00295A2A /* Preview Content */ = {
			isa = PBXGroup;
			children = (
				7116D6552D0AB9FC00295A2A /* Preview Assets.xcassets */,
			);
			path = "Preview Content";
			sourceTree = "<group>";
		};
		7116D65E2D0AB9FD00295A2A /* RecipeAppTests */ = {
			isa = PBXGroup;
			children = (
				7116D65F2D0AB9FD00295A2A /* RecipeAppTests.swift */,
			);
			path = RecipeAppTests;
			sourceTree = "<group>";
		};
		7116D6682D0AB9FD00295A2A /* RecipeAppUITests */ = {
			isa = PBXGroup;
			children = (
				7116D6692D0AB9FD00295A2A /* RecipeAppUITests.swift */,
				7116D66B2D0AB9FD00295A2A /* RecipeAppUITestsLaunchTests.swift */,
			);
			path = RecipeAppUITests;
			sourceTree = "<group>";
		};
		7116D6782D0ABA1100295A2A /* Model */ = {
			isa = PBXGroup;
			children = (
				7116D67B2D0ABA4700295A2A /* Recipe.swift */,
				7116D6822D0ABF7500295A2A /* RecipeEndpointResponse.swift */,
			);
			path = Model;
			sourceTree = "<group>";
		};
		7116D6792D0ABA1E00295A2A /* Services */ = {
			isa = PBXGroup;
			children = (
				7116D67D2D0ABB2000295A2A /* EndpointService.swift */,
				7116D6872D0AC9B700295A2A /* EndpointService+DataSource.swift */,
			);
			path = Services;
			sourceTree = "<group>";
		};
		7116D6842D0AC2B600295A2A /* ViewModel */ = {
			isa = PBXGroup;
			children = (
				7116D6852D0AC2C600295A2A /* RecipeServiceViewModel.swift */,
			);
			path = ViewModel;
			sourceTree = "<group>";
		};
		7116D68B2D0B5C1000295A2A /* Views */ = {
			isa = PBXGroup;
			children = (
				7116D6892D0B5B9B00295A2A /* RecipeFeedPage.swift */,
				7116D6502D0AB9FA00295A2A /* ContentView.swift */,
				7116D6802D0ABD4400295A2A /* SettingsView.swift */,
				7116D68C2D0B5C3900295A2A /* RecipeCell.swift */,
				7116D6922D0BD60E00295A2A /* RecipeView.swift */,
			);
			path = Views;
			sourceTree = "<group>";
		};
/* End PBXGroup section */

/* Begin PBXNativeTarget section */
		7116D64A2D0AB9FA00295A2A /* RecipeApp */ = {
			isa = PBXNativeTarget;
			buildConfigurationList = 7116D66F2D0AB9FD00295A2A /* Build configuration list for PBXNativeTarget "RecipeApp" */;
			buildPhases = (
				7116D6472D0AB9FA00295A2A /* Sources */,
				7116D6482D0AB9FA00295A2A /* Frameworks */,
				7116D6492D0AB9FA00295A2A /* Resources */,
			);
			buildRules = (
			);
			dependencies = (
			);
			name = RecipeApp;
			productName = RecipeApp;
			productReference = 7116D64B2D0AB9FA00295A2A /* RecipeApp.app */;
			productType = "com.apple.product-type.application";
		};
		7116D65A2D0AB9FD00295A2A /* RecipeAppTests */ = {
			isa = PBXNativeTarget;
			buildConfigurationList = 7116D6722D0AB9FD00295A2A /* Build configuration list for PBXNativeTarget "RecipeAppTests" */;
			buildPhases = (
				7116D6572D0AB9FD00295A2A /* Sources */,
				7116D6582D0AB9FD00295A2A /* Frameworks */,
				7116D6592D0AB9FD00295A2A /* Resources */,
			);
			buildRules = (
			);
			dependencies = (
				7116D65D2D0AB9FD00295A2A /* PBXTargetDependency */,
			);
			name = RecipeAppTests;
			productName = RecipeAppTests;
			productReference = 7116D65B2D0AB9FD00295A2A /* RecipeAppTests.xctest */;
			productType = "com.apple.product-type.bundle.unit-test";
		};
		7116D6642D0AB9FD00295A2A /* RecipeAppUITests */ = {
			isa = PBXNativeTarget;
			buildConfigurationList = 7116D6752D0AB9FD00295A2A /* Build configuration list for PBXNativeTarget "RecipeAppUITests" */;
			buildPhases = (
				7116D6612D0AB9FD00295A2A /* Sources */,
				7116D6622D0AB9FD00295A2A /* Frameworks */,
				7116D6632D0AB9FD00295A2A /* Resources */,
			);
			buildRules = (
			);
			dependencies = (
				7116D6672D0AB9FD00295A2A /* PBXTargetDependency */,
			);
			name = RecipeAppUITests;
			productName = RecipeAppUITests;
			productReference = 7116D6652D0AB9FD00295A2A /* RecipeAppUITests.xctest */;
			productType = "com.apple.product-type.bundle.ui-testing";
		};
/* End PBXNativeTarget section */

/* Begin PBXProject section */
		7116D6432D0AB9FA00295A2A /* Project object */ = {
			isa = PBXProject;
			attributes = {
				BuildIndependentTargetsInParallel = 1;
				LastSwiftUpdateCheck = 1500;
				LastUpgradeCheck = 1500;
				TargetAttributes = {
					7116D64A2D0AB9FA00295A2A = {
						CreatedOnToolsVersion = 15.0.1;
					};
					7116D65A2D0AB9FD00295A2A = {
						CreatedOnToolsVersion = 15.0.1;
						TestTargetID = 7116D64A2D0AB9FA00295A2A;
					};
					7116D6642D0AB9FD00295A2A = {
						CreatedOnToolsVersion = 15.0.1;
						TestTargetID = 7116D64A2D0AB9FA00295A2A;
					};
				};
			};
			buildConfigurationList = 7116D6462D0AB9FA00295A2A /* Build configuration list for PBXProject "RecipeApp" */;
			compatibilityVersion = "Xcode 14.0";
			developmentRegion = en;
			hasScannedForEncodings = 0;
			knownRegions = (
				en,
				Base,
			);
			mainGroup = 7116D6422D0AB9FA00295A2A;
			productRefGroup = 7116D64C2D0AB9FA00295A2A /* Products */;
			projectDirPath = "";
			projectRoot = "";
			targets = (
				7116D64A2D0AB9FA00295A2A /* RecipeApp */,
				7116D65A2D0AB9FD00295A2A /* RecipeAppTests */,
				7116D6642D0AB9FD00295A2A /* RecipeAppUITests */,
			);
		};
/* End PBXProject section */

/* Begin PBXResourcesBuildPhase section */
		7116D6492D0AB9FA00295A2A /* Resources */ = {
			isa = PBXResourcesBuildPhase;
			buildActionMask = 2147483647;
			files = (
				7116D6562D0AB9FC00295A2A /* Preview Assets.xcassets in Resources */,
				7116D6532D0AB9FC00295A2A /* Assets.xcassets in Resources */,
			);
			runOnlyForDeploymentPostprocessing = 0;
		};
		7116D6592D0AB9FD00295A2A /* Resources */ = {
			isa = PBXResourcesBuildPhase;
			buildActionMask = 2147483647;
			files = (
			);
			runOnlyForDeploymentPostprocessing = 0;
		};
		7116D6632D0AB9FD00295A2A /* Resources */ = {
			isa = PBXResourcesBuildPhase;
			buildActionMask = 2147483647;
			files = (
			);
			runOnlyForDeploymentPostprocessing = 0;
		};
/* End PBXResourcesBuildPhase section */

/* Begin PBXSourcesBuildPhase section */
		7116D6472D0AB9FA00295A2A /* Sources */ = {
			isa = PBXSourcesBuildPhase;
			buildActionMask = 2147483647;
			files = (
				7116D6812D0ABD4400295A2A /* SettingsView.swift in Sources */,
				7116D67C2D0ABA4700295A2A /* Recipe.swift in Sources */,
				7116D6512D0AB9FA00295A2A /* ContentView.swift in Sources */,
				7116D6862D0AC2C600295A2A /* RecipeServiceViewModel.swift in Sources */,
				7116D6832D0ABF7500295A2A /* RecipeEndpointResponse.swift in Sources */,
				7116D6932D0BD60E00295A2A /* RecipeView.swift in Sources */,
				7116D68D2D0B5C3900295A2A /* RecipeCell.swift in Sources */,
				7116D64F2D0AB9FA00295A2A /* RecipeApp.swift in Sources */,
				7116D6882D0AC9B700295A2A /* EndpointService+DataSource.swift in Sources */,
				7116D67E2D0ABB2000295A2A /* EndpointService.swift in Sources */,
				7116D68F2D0B937E00295A2A /* Extensions.swift in Sources */,
				7116D68A2D0B5B9B00295A2A /* RecipeFeedPage.swift in Sources */,
			);
			runOnlyForDeploymentPostprocessing = 0;
		};
		7116D6572D0AB9FD00295A2A /* Sources */ = {
			isa = PBXSourcesBuildPhase;
			buildActionMask = 2147483647;
			files = (
				7116D6602D0AB9FD00295A2A /* RecipeAppTests.swift in Sources */,
			);
			runOnlyForDeploymentPostprocessing = 0;
		};
		7116D6612D0AB9FD00295A2A /* Sources */ = {
			isa = PBXSourcesBuildPhase;
			buildActionMask = 2147483647;
			files = (
				7116D66C2D0AB9FD00295A2A /* RecipeAppUITestsLaunchTests.swift in Sources */,
				7116D66A2D0AB9FD00295A2A /* RecipeAppUITests.swift in Sources */,
			);
			runOnlyForDeploymentPostprocessing = 0;
		};
/* End PBXSourcesBuildPhase section */

/* Begin PBXTargetDependency section */
		7116D65D2D0AB9FD00295A2A /* PBXTargetDependency */ = {
			isa = PBXTargetDependency;
			target = 7116D64A2D0AB9FA00295A2A /* RecipeApp */;
			targetProxy = 7116D65C2D0AB9FD00295A2A /* PBXContainerItemProxy */;
		};
		7116D6672D0AB9FD00295A2A /* PBXTargetDependency */ = {
			isa = PBXTargetDependency;
			target = 7116D64A2D0AB9FA00295A2A /* RecipeApp */;
			targetProxy = 7116D6662D0AB9FD00295A2A /* PBXContainerItemProxy */;
		};
/* End PBXTargetDependency section */

/* Begin XCBuildConfiguration section */
		7116D66D2D0AB9FD00295A2A /* Debug */ = {
			isa = XCBuildConfiguration;
			buildSettings = {
				ALWAYS_SEARCH_USER_PATHS = NO;
				ASSETCATALOG_COMPILER_GENERATE_SWIFT_ASSET_SYMBOL_EXTENSIONS = YES;
				CLANG_ANALYZER_NONNULL = YES;
				CLANG_ANALYZER_NUMBER_OBJECT_CONVERSION = YES_AGGRESSIVE;
				CLANG_CXX_LANGUAGE_STANDARD = "gnu++20";
				CLANG_ENABLE_MODULES = YES;
				CLANG_ENABLE_OBJC_ARC = YES;
				CLANG_ENABLE_OBJC_WEAK = YES;
				CLANG_WARN_BLOCK_CAPTURE_AUTORELEASING = YES;
				CLANG_WARN_BOOL_CONVERSION = YES;
				CLANG_WARN_COMMA = YES;
				CLANG_WARN_CONSTANT_CONVERSION = YES;
				CLANG_WARN_DEPRECATED_OBJC_IMPLEMENTATIONS = YES;
				CLANG_WARN_DIRECT_OBJC_ISA_USAGE = YES_ERROR;
				CLANG_WARN_DOCUMENTATION_COMMENTS = YES;
				CLANG_WARN_EMPTY_BODY = YES;
				CLANG_WARN_ENUM_CONVERSION = YES;
				CLANG_WARN_INFINITE_RECURSION = YES;
				CLANG_WARN_INT_CONVERSION = YES;
				CLANG_WARN_NON_LITERAL_NULL_CONVERSION = YES;
				CLANG_WARN_OBJC_IMPLICIT_RETAIN_SELF = YES;
				CLANG_WARN_OBJC_LITERAL_CONVERSION = YES;
				CLANG_WARN_OBJC_ROOT_CLASS = YES_ERROR;
				CLANG_WARN_QUOTED_INCLUDE_IN_FRAMEWORK_HEADER = YES;
				CLANG_WARN_RANGE_LOOP_ANALYSIS = YES;
				CLANG_WARN_STRICT_PROTOTYPES = YES;
				CLANG_WARN_SUSPICIOUS_MOVE = YES;
				CLANG_WARN_UNGUARDED_AVAILABILITY = YES_AGGRESSIVE;
				CLANG_WARN_UNREACHABLE_CODE = YES;
				CLANG_WARN__DUPLICATE_METHOD_MATCH = YES;
				COPY_PHASE_STRIP = NO;
				DEBUG_INFORMATION_FORMAT = dwarf;
				ENABLE_STRICT_OBJC_MSGSEND = YES;
				ENABLE_TESTABILITY = YES;
				ENABLE_USER_SCRIPT_SANDBOXING = YES;
				GCC_C_LANGUAGE_STANDARD = gnu17;
				GCC_DYNAMIC_NO_PIC = NO;
				GCC_NO_COMMON_BLOCKS = YES;
				GCC_OPTIMIZATION_LEVEL = 0;
				GCC_PREPROCESSOR_DEFINITIONS = (
					"DEBUG=1",
					"$(inherited)",
				);
				GCC_WARN_64_TO_32_BIT_CONVERSION = YES;
				GCC_WARN_ABOUT_RETURN_TYPE = YES_ERROR;
				GCC_WARN_UNDECLARED_SELECTOR = YES;
				GCC_WARN_UNINITIALIZED_AUTOS = YES_AGGRESSIVE;
				GCC_WARN_UNUSED_FUNCTION = YES;
				GCC_WARN_UNUSED_VARIABLE = YES;
				IPHONEOS_DEPLOYMENT_TARGET = 17.0;
				LOCALIZATION_PREFERS_STRING_CATALOGS = YES;
				MTL_ENABLE_DEBUG_INFO = INCLUDE_SOURCE;
				MTL_FAST_MATH = YES;
				ONLY_ACTIVE_ARCH = YES;
				SDKROOT = iphoneos;
				SWIFT_ACTIVE_COMPILATION_CONDITIONS = "DEBUG $(inherited)";
				SWIFT_OPTIMIZATION_LEVEL = "-Onone";
			};
			name = Debug;
		};
		7116D66E2D0AB9FD00295A2A /* Release */ = {
			isa = XCBuildConfiguration;
			buildSettings = {
				ALWAYS_SEARCH_USER_PATHS = NO;
				ASSETCATALOG_COMPILER_GENERATE_SWIFT_ASSET_SYMBOL_EXTENSIONS = YES;
				CLANG_ANALYZER_NONNULL = YES;
				CLANG_ANALYZER_NUMBER_OBJECT_CONVERSION = YES_AGGRESSIVE;
				CLANG_CXX_LANGUAGE_STANDARD = "gnu++20";
				CLANG_ENABLE_MODULES = YES;
				CLANG_ENABLE_OBJC_ARC = YES;
				CLANG_ENABLE_OBJC_WEAK = YES;
				CLANG_WARN_BLOCK_CAPTURE_AUTORELEASING = YES;
				CLANG_WARN_BOOL_CONVERSION = YES;
				CLANG_WARN_COMMA = YES;
				CLANG_WARN_CONSTANT_CONVERSION = YES;
				CLANG_WARN_DEPRECATED_OBJC_IMPLEMENTATIONS = YES;
				CLANG_WARN_DIRECT_OBJC_ISA_USAGE = YES_ERROR;
				CLANG_WARN_DOCUMENTATION_COMMENTS = YES;
				CLANG_WARN_EMPTY_BODY = YES;
				CLANG_WARN_ENUM_CONVERSION = YES;
				CLANG_WARN_INFINITE_RECURSION = YES;
				CLANG_WARN_INT_CONVERSION = YES;
				CLANG_WARN_NON_LITERAL_NULL_CONVERSION = YES;
				CLANG_WARN_OBJC_IMPLICIT_RETAIN_SELF = YES;
				CLANG_WARN_OBJC_LITERAL_CONVERSION = YES;
				CLANG_WARN_OBJC_ROOT_CLASS = YES_ERROR;
				CLANG_WARN_QUOTED_INCLUDE_IN_FRAMEWORK_HEADER = YES;
				CLANG_WARN_RANGE_LOOP_ANALYSIS = YES;
				CLANG_WARN_STRICT_PROTOTYPES = YES;
				CLANG_WARN_SUSPICIOUS_MOVE = YES;
				CLANG_WARN_UNGUARDED_AVAILABILITY = YES_AGGRESSIVE;
				CLANG_WARN_UNREACHABLE_CODE = YES;
				CLANG_WARN__DUPLICATE_METHOD_MATCH = YES;
				COPY_PHASE_STRIP = NO;
				DEBUG_INFORMATION_FORMAT = "dwarf-with-dsym";
				ENABLE_NS_ASSERTIONS = NO;
				ENABLE_STRICT_OBJC_MSGSEND = YES;
				ENABLE_USER_SCRIPT_SANDBOXING = YES;
				GCC_C_LANGUAGE_STANDARD = gnu17;
				GCC_NO_COMMON_BLOCKS = YES;
				GCC_WARN_64_TO_32_BIT_CONVERSION = YES;
				GCC_WARN_ABOUT_RETURN_TYPE = YES_ERROR;
				GCC_WARN_UNDECLARED_SELECTOR = YES;
				GCC_WARN_UNINITIALIZED_AUTOS = YES_AGGRESSIVE;
				GCC_WARN_UNUSED_FUNCTION = YES;
				GCC_WARN_UNUSED_VARIABLE = YES;
				IPHONEOS_DEPLOYMENT_TARGET = 17.0;
				LOCALIZATION_PREFERS_STRING_CATALOGS = YES;
				MTL_ENABLE_DEBUG_INFO = NO;
				MTL_FAST_MATH = YES;
				SDKROOT = iphoneos;
				SWIFT_COMPILATION_MODE = wholemodule;
				VALIDATE_PRODUCT = YES;
			};
			name = Release;
		};
		7116D6702D0AB9FD00295A2A /* Debug */ = {
			isa = XCBuildConfiguration;
			buildSettings = {
				ASSETCATALOG_COMPILER_APPICON_NAME = AppIcon;
				ASSETCATALOG_COMPILER_GLOBAL_ACCENT_COLOR_NAME = AccentColor;
				CODE_SIGN_STYLE = Automatic;
				CURRENT_PROJECT_VERSION = 1;
				DEVELOPMENT_ASSET_PATHS = "\"RecipeApp/Preview Content\"";
				DEVELOPMENT_TEAM = 648ZW93364;
				ENABLE_PREVIEWS = YES;
				GENERATE_INFOPLIST_FILE = YES;
				INFOPLIST_KEY_UIApplicationSceneManifest_Generation = YES;
				INFOPLIST_KEY_UIApplicationSupportsIndirectInputEvents = YES;
				INFOPLIST_KEY_UILaunchScreen_Generation = YES;
				INFOPLIST_KEY_UISupportedInterfaceOrientations_iPad = "UIInterfaceOrientationPortrait UIInterfaceOrientationPortraitUpsideDown UIInterfaceOrientationLandscapeLeft UIInterfaceOrientationLandscapeRight";
				INFOPLIST_KEY_UISupportedInterfaceOrientations_iPhone = "UIInterfaceOrientationPortrait UIInterfaceOrientationLandscapeLeft UIInterfaceOrientationLandscapeRight";
				LD_RUNPATH_SEARCH_PATHS = (
					"$(inherited)",
					"@executable_path/Frameworks",
				);
				MARKETING_VERSION = 1.0;
				PRODUCT_BUNDLE_IDENTIFIER = com.ronan.RecipeApp;
				PRODUCT_NAME = "$(TARGET_NAME)";
				SWIFT_EMIT_LOC_STRINGS = YES;
				SWIFT_VERSION = 5.0;
				TARGETED_DEVICE_FAMILY = "1,2";
			};
			name = Debug;
		};
		7116D6712D0AB9FD00295A2A /* Release */ = {
			isa = XCBuildConfiguration;
			buildSettings = {
				ASSETCATALOG_COMPILER_APPICON_NAME = AppIcon;
				ASSETCATALOG_COMPILER_GLOBAL_ACCENT_COLOR_NAME = AccentColor;
				CODE_SIGN_STYLE = Automatic;
				CURRENT_PROJECT_VERSION = 1;
				DEVELOPMENT_ASSET_PATHS = "\"RecipeApp/Preview Content\"";
				DEVELOPMENT_TEAM = 648ZW93364;
				ENABLE_PREVIEWS = YES;
				GENERATE_INFOPLIST_FILE = YES;
				INFOPLIST_KEY_UIApplicationSceneManifest_Generation = YES;
				INFOPLIST_KEY_UIApplicationSupportsIndirectInputEvents = YES;
				INFOPLIST_KEY_UILaunchScreen_Generation = YES;
				INFOPLIST_KEY_UISupportedInterfaceOrientations_iPad = "UIInterfaceOrientationPortrait UIInterfaceOrientationPortraitUpsideDown UIInterfaceOrientationLandscapeLeft UIInterfaceOrientationLandscapeRight";
				INFOPLIST_KEY_UISupportedInterfaceOrientations_iPhone = "UIInterfaceOrientationPortrait UIInterfaceOrientationLandscapeLeft UIInterfaceOrientationLandscapeRight";
				LD_RUNPATH_SEARCH_PATHS = (
					"$(inherited)",
					"@executable_path/Frameworks",
				);
				MARKETING_VERSION = 1.0;
				PRODUCT_BUNDLE_IDENTIFIER = com.ronan.RecipeApp;
				PRODUCT_NAME = "$(TARGET_NAME)";
				SWIFT_EMIT_LOC_STRINGS = YES;
				SWIFT_VERSION = 5.0;
				TARGETED_DEVICE_FAMILY = "1,2";
			};
			name = Release;
		};
		7116D6732D0AB9FD00295A2A /* Debug */ = {
			isa = XCBuildConfiguration;
			buildSettings = {
				ALWAYS_EMBED_SWIFT_STANDARD_LIBRARIES = YES;
				BUNDLE_LOADER = "$(TEST_HOST)";
				CODE_SIGN_STYLE = Automatic;
				CURRENT_PROJECT_VERSION = 1;
				DEVELOPMENT_TEAM = 648ZW93364;
				GENERATE_INFOPLIST_FILE = YES;
				IPHONEOS_DEPLOYMENT_TARGET = 17.0;
				MARKETING_VERSION = 1.0;
				PRODUCT_BUNDLE_IDENTIFIER = com.ronan.RecipeAppTests;
				PRODUCT_NAME = "$(TARGET_NAME)";
				SWIFT_EMIT_LOC_STRINGS = NO;
				SWIFT_VERSION = 5.0;
				TARGETED_DEVICE_FAMILY = "1,2";
				TEST_HOST = "$(BUILT_PRODUCTS_DIR)/RecipeApp.app/$(BUNDLE_EXECUTABLE_FOLDER_PATH)/RecipeApp";
			};
			name = Debug;
		};
		7116D6742D0AB9FD00295A2A /* Release */ = {
			isa = XCBuildConfiguration;
			buildSettings = {
				ALWAYS_EMBED_SWIFT_STANDARD_LIBRARIES = YES;
				BUNDLE_LOADER = "$(TEST_HOST)";
				CODE_SIGN_STYLE = Automatic;
				CURRENT_PROJECT_VERSION = 1;
				DEVELOPMENT_TEAM = 648ZW93364;
				GENERATE_INFOPLIST_FILE = YES;
				IPHONEOS_DEPLOYMENT_TARGET = 17.0;
				MARKETING_VERSION = 1.0;
				PRODUCT_BUNDLE_IDENTIFIER = com.ronan.RecipeAppTests;
				PRODUCT_NAME = "$(TARGET_NAME)";
				SWIFT_EMIT_LOC_STRINGS = NO;
				SWIFT_VERSION = 5.0;
				TARGETED_DEVICE_FAMILY = "1,2";
				TEST_HOST = "$(BUILT_PRODUCTS_DIR)/RecipeApp.app/$(BUNDLE_EXECUTABLE_FOLDER_PATH)/RecipeApp";
			};
			name = Release;
		};
		7116D6762D0AB9FD00295A2A /* Debug */ = {
			isa = XCBuildConfiguration;
			buildSettings = {
				ALWAYS_EMBED_SWIFT_STANDARD_LIBRARIES = YES;
				CODE_SIGN_STYLE = Automatic;
				CURRENT_PROJECT_VERSION = 1;
				DEVELOPMENT_TEAM = 648ZW93364;
				GENERATE_INFOPLIST_FILE = YES;
				MARKETING_VERSION = 1.0;
				PRODUCT_BUNDLE_IDENTIFIER = com.ronan.RecipeAppUITests;
				PRODUCT_NAME = "$(TARGET_NAME)";
				SWIFT_EMIT_LOC_STRINGS = NO;
				SWIFT_VERSION = 5.0;
				TARGETED_DEVICE_FAMILY = "1,2";
				TEST_TARGET_NAME = RecipeApp;
			};
			name = Debug;
		};
		7116D6772D0AB9FD00295A2A /* Release */ = {
			isa = XCBuildConfiguration;
			buildSettings = {
				ALWAYS_EMBED_SWIFT_STANDARD_LIBRARIES = YES;
				CODE_SIGN_STYLE = Automatic;
				CURRENT_PROJECT_VERSION = 1;
				DEVELOPMENT_TEAM = 648ZW93364;
				GENERATE_INFOPLIST_FILE = YES;
				MARKETING_VERSION = 1.0;
				PRODUCT_BUNDLE_IDENTIFIER = com.ronan.RecipeAppUITests;
				PRODUCT_NAME = "$(TARGET_NAME)";
				SWIFT_EMIT_LOC_STRINGS = NO;
				SWIFT_VERSION = 5.0;
				TARGETED_DEVICE_FAMILY = "1,2";
				TEST_TARGET_NAME = RecipeApp;
			};
			name = Release;
		};
/* End XCBuildConfiguration section */

/* Begin XCConfigurationList section */
		7116D6462D0AB9FA00295A2A /* Build configuration list for PBXProject "RecipeApp" */ = {
			isa = XCConfigurationList;
			buildConfigurations = (
				7116D66D2D0AB9FD00295A2A /* Debug */,
				7116D66E2D0AB9FD00295A2A /* Release */,
			);
			defaultConfigurationIsVisible = 0;
			defaultConfigurationName = Release;
		};
		7116D66F2D0AB9FD00295A2A /* Build configuration list for PBXNativeTarget "RecipeApp" */ = {
			isa = XCConfigurationList;
			buildConfigurations = (
				7116D6702D0AB9FD00295A2A /* Debug */,
				7116D6712D0AB9FD00295A2A /* Release */,
			);
			defaultConfigurationIsVisible = 0;
			defaultConfigurationName = Release;
		};
		7116D6722D0AB9FD00295A2A /* Build configuration list for PBXNativeTarget "RecipeAppTests" */ = {
			isa = XCConfigurationList;
			buildConfigurations = (
				7116D6732D0AB9FD00295A2A /* Debug */,
				7116D6742D0AB9FD00295A2A /* Release */,
			);
			defaultConfigurationIsVisible = 0;
			defaultConfigurationName = Release;
		};
		7116D6752D0AB9FD00295A2A /* Build configuration list for PBXNativeTarget "RecipeAppUITests" */ = {
			isa = XCConfigurationList;
			buildConfigurations = (
				7116D6762D0AB9FD00295A2A /* Debug */,
				7116D6772D0AB9FD00295A2A /* Release */,
			);
			defaultConfigurationIsVisible = 0;
			defaultConfigurationName = Release;
		};
/* End XCConfigurationList section */
	};
	rootObject = 7116D6432D0AB9FA00295A2A /* Project object */;
}
